
Microsoft Visual Studio Solution File, Format Version 12.00
# Visual Studio Version 16
VisualStudioVersion = 16.0.31129.286
MinimumVisualStudioVersion = 10.0.40219.1
Project("{FAE04EC0-301F-11D3-BF4B-00C04F79EFBC}") = "Sistema_avaliativo", "Sistema_avaliativo\Sistema_avaliativo.csproj", "{191E521A-9875-4493-B552-64096660B7EC}"
EndProject
Global
	GlobalSection(SolutionConfigurationPlatforms) = preSolution
		Debug|Any CPU = Debug|Any CPU
		Release|Any CPU = Release|Any CPU
	EndGlobalSection
	GlobalSection(ProjectConfigurationPlatforms) = postSolution
		{191E521A-9875-4493-B552-64096660B7EC}.Debug|Any CPU.ActiveCfg = Debug|Any CPU
		{191E521A-9875-4493-B552-64096660B7EC}.Debug|Any CPU.Build.0 = Debug|Any CPU
		{191E521A-9875-4493-B552-64096660B7EC}.Release|Any CPU.ActiveCfg = Release|Any CPU
		{191E521A-9875-4493-B552-64096660B7EC}.Release|Any CPU.Build.0 = Release|Any CPU
	EndGlobalSection
	GlobalSection(SolutionProperties) = preSolution
		HideSolutionNode = FALSE
	EndGlobalSection
	GlobalSection(ExtensibilityGlobals) = postSolution
		SolutionGuid = {4FB94ACF-FD81-4BFD-B075-F105AB7A3CBE}
	EndGlobalSection
EndGlobal
